{
    "_meta": {
        "hash": {
            "sha256": "664e5fe74ec2e361354987e23f5c0a94f13924eaf32015f119644749ad7a6e15"
        },
        "pipfile-spec": 6,
        "requires": {
            "python_version": "3.8"
        },
        "sources": [
            {
                "name": "pypi",
                "url": "https://pypi.org/simple",
                "verify_ssl": true
            }
        ]
    },
    "default": {
        "dominate": {
            "hashes": [
                "sha256:22636ad28200e75fa9e751f0511aaeb9f0b630044ed8ccbd89c27acdf3dda7a1",
                "sha256:9b05481605ea8c0afd0a98c0156a9fb78d9c406368d66b3e6fedf36920fb9d78"
            ],
            "index": "pypi",
            "version": "==2.5.1"
        }
    },
    "develop": {}
}
